{
  "originHash" : "535c0ccff7ca58e9b8188c9289d5f78f212e183e9166c39df1a1e1ef7e2ad8c6",
  "pins" : [
    {
      "identity" : "loopalgorithm",
      "kind" : "remoteSourceControl",
      "location" : "https://github.com/tidepool-org/LoopAlgorithm.git",
      "state" : {
        "branch" : "main",
        "revision" : "13cb4b45258cee5be1eb2ad941b374dde53de551"
      }
    }
  ],
  "version" : 3
}