{
  "originHash" : "65635eadd2c20f20bf5650471a5e178d44c7f025ba65b9e3a4bb6e906246e35b",
  "pins" : [
    {
      "identity" : "loopalgorithm",
      "kind" : "remoteSourceControl",
      "location" : "https://github.com/tidepool-org/LoopAlgorithm.git",
      "state" : {
        "revision" : "d4c674fd12f27bf2848b6d46a941ffb32b8a3eee"
      }
    }
  ],
  "version" : 3
}
